
Microsoft Visual Studio Solution File, Format Version 12.00
# Visual Studio Version 16
VisualStudioVersion = 16.0.30320.27
MinimumVisualStudioVersion = 10.0.40219.1
Project("{9A19103F-16F7-4668-BE54-9A1E7A4F7556}") = "Checkout.Domain", "Checkout.Domain\Checkout.Domain.csproj", "{57B28A10-125D-4B42-BC9E-E5DC66AFFC33}"
EndProject
Project("{9A19103F-16F7-4668-BE54-9A1E7A4F7556}") = "Checkout.Domain.Core", "Checkout.Domain.Core\Checkout.Domain.Core.csproj", "{9BF67B10-F438-4E49-AA44-CD7D92B276ED}"
EndProject
Project("{9A19103F-16F7-4668-BE54-9A1E7A4F7556}") = "Checkout.Infrastructure.Data.Core", "Checkout.Infrastructure.Data.Core\Checkout.Infrastructure.Data.Core.csproj", "{72BE41FD-CDCD-4A97-AFE8-0A6E8B264325}"
EndProject
Project("{9A19103F-16F7-4668-BE54-9A1E7A4F7556}") = "Checkout.Api", "Checkout.Api\Checkout.Api.csproj", "{5DD7FF61-7806-4444-93BD-F87D56D93404}"
EndProject
Project("{9A19103F-16F7-4668-BE54-9A1E7A4F7556}") = "Checkout.Infrastructure.Data", "Checkout.Infrastructure.Data\Checkout.Infrastructure.Data.csproj", "{EADE6AE8-E3F9-4AFA-9F94-95F2E9D59C2D}"
EndProject
Global
	GlobalSection(SolutionConfigurationPlatforms) = preSolution
		Debug|Any CPU = Debug|Any CPU
		Release|Any CPU = Release|Any CPU
	EndGlobalSection
	GlobalSection(ProjectConfigurationPlatforms) = postSolution
		{57B28A10-125D-4B42-BC9E-E5DC66AFFC33}.Debug|Any CPU.ActiveCfg = Debug|Any CPU
		{57B28A10-125D-4B42-BC9E-E5DC66AFFC33}.Debug|Any CPU.Build.0 = Debug|Any CPU
		{57B28A10-125D-4B42-BC9E-E5DC66AFFC33}.Release|Any CPU.ActiveCfg = Release|Any CPU
		{57B28A10-125D-4B42-BC9E-E5DC66AFFC33}.Release|Any CPU.Build.0 = Release|Any CPU
		{9BF67B10-F438-4E49-AA44-CD7D92B276ED}.Debug|Any CPU.ActiveCfg = Debug|Any CPU
		{9BF67B10-F438-4E49-AA44-CD7D92B276ED}.Debug|Any CPU.Build.0 = Debug|Any CPU
		{9BF67B10-F438-4E49-AA44-CD7D92B276ED}.Release|Any CPU.ActiveCfg = Release|Any CPU
		{9BF67B10-F438-4E49-AA44-CD7D92B276ED}.Release|Any CPU.Build.0 = Release|Any CPU
		{72BE41FD-CDCD-4A97-AFE8-0A6E8B264325}.Debug|Any CPU.ActiveCfg = Debug|Any CPU
		{72BE41FD-CDCD-4A97-AFE8-0A6E8B264325}.Debug|Any CPU.Build.0 = Debug|Any CPU
		{72BE41FD-CDCD-4A97-AFE8-0A6E8B264325}.Release|Any CPU.ActiveCfg = Release|Any CPU
		{72BE41FD-CDCD-4A97-AFE8-0A6E8B264325}.Release|Any CPU.Build.0 = Release|Any CPU
		{5DD7FF61-7806-4444-93BD-F87D56D93404}.Debug|Any CPU.ActiveCfg = Debug|Any CPU
		{5DD7FF61-7806-4444-93BD-F87D56D93404}.Debug|Any CPU.Build.0 = Debug|Any CPU
		{5DD7FF61-7806-4444-93BD-F87D56D93404}.Release|Any CPU.ActiveCfg = Release|Any CPU
		{5DD7FF61-7806-4444-93BD-F87D56D93404}.Release|Any CPU.Build.0 = Release|Any CPU
		{EADE6AE8-E3F9-4AFA-9F94-95F2E9D59C2D}.Debug|Any CPU.ActiveCfg = Debug|Any CPU
		{EADE6AE8-E3F9-4AFA-9F94-95F2E9D59C2D}.Debug|Any CPU.Build.0 = Debug|Any CPU
		{EADE6AE8-E3F9-4AFA-9F94-95F2E9D59C2D}.Release|Any CPU.ActiveCfg = Release|Any CPU
		{EADE6AE8-E3F9-4AFA-9F94-95F2E9D59C2D}.Release|Any CPU.Build.0 = Release|Any CPU
	EndGlobalSection
	GlobalSection(SolutionProperties) = preSolution
		HideSolutionNode = FALSE
	EndGlobalSection
	GlobalSection(ExtensibilityGlobals) = postSolution
		SolutionGuid = {773D5DF8-4554-4E83-B42C-6D48730A7DCD}
	EndGlobalSection
EndGlobal
